<?xml version="1.0" encoding="utf-8"?>
<Project ToolsVersion="4.0" xmlns="http://schemas.microsoft.com/developer/msbuild/2003">
  <ItemGroup>
    <Filter Include="Source Files">
      <UniqueIdentifier>{4FC737F1-C7A5-4376-A066-2A32D752A2FF}</UniqueIdentifier>
      <Extensions>cpp;c;cc;cxx;c++;cppm;ixx;def;odl;idl;hpj;bat;asm;asmx</Extensions>
    </Filter>
    <Filter Include="Header Files">
      <UniqueIdentifier>{93995380-89BD-4b04-88EB-625FBE52EBFB}</UniqueIdentifier>
      <Extensions>h;hh;hpp;hxx;h++;hm;inl;inc;ipp;xsd</Extensions>
    </Filter>
    <Filter Include="Resource Files">
      <UniqueIdentifier>{67DA6AB6-F800-4c08-8B7A-83BB121AAD01}</UniqueIdentifier>
      <Extensions>rc;ico;cur;bmp;dlg;rc2;rct;bin;rgs;gif;jpg;jpeg;jpe;resx;tiff;tif;png;wav;mfcribbon-ms</Extensions>
    </Filter>
  </ItemGroup>
  <ItemGroup>
    <ClCompile Include="program.cpp">
      <Filter>Source Files</Filter>
    </ClCompile>
    <ClCompile Include="sources\utils\debug.cpp">
      <Filter>Source Files</Filter>
    </ClCompile>
    <ClCompile Include="sources\graphics\model.cpp">
      <Filter>Source Files</Filter>
    </ClCompile>
    <ClCompile Include="sources\camera.cpp">
      <Filter>Source Files</Filter>
    </ClCompile>
    <ClCompile Include="sources\graphics\shader.cpp">
      <Filter>Source Files</Filter>
    </ClCompile>
    <ClCompile Include="sources\entity.cpp">
      <Filter>Source Files</Filter>
    </ClCompile>
    <ClCompile Include="sources\scene.cpp">
      <Filter>Source Files</Filter>
    </ClCompile>
    <ClCompile Include="sources\scenes\frustum_culling_scene.cpp">
      <Filter>Source Files</Filter>
    </ClCompile>
    <ClCompile Include="sources\application.cpp">
      <Filter>Source Files</Filter>
    </ClCompile>
    <ClCompile Include="sources\scenes\instancing_scene.cpp">
      <Filter>Source Files</Filter>
    </ClCompile>
    <ClCompile Include="external\includes\glad\glad.c">
      <Filter>Source Files</Filter>
    </ClCompile>
    <ClCompile Include="external\includes\imgui\imgui_widgets.cpp">
      <Filter>Source Files</Filter>
    </ClCompile>
    <ClCompile Include="external\includes\imgui\imgui_tables.cpp">
      <Filter>Source Files</Filter>
    </ClCompile>
    <ClCompile Include="external\includes\imgui\imgui_impl_opengl3.cpp">
      <Filter>Source Files</Filter>
    </ClCompile>
    <ClCompile Include="external\includes\imgui\imgui_impl_glfw.cpp">
      <Filter>Source Files</Filter>
    </ClCompile>
    <ClCompile Include="external\includes\imgui\imgui_draw.cpp">
      <Filter>Source Files</Filter>
    </ClCompile>
    <ClCompile Include="external\includes\imgui\imgui.cpp">
      <Filter>Source Files</Filter>
    </ClCompile>
    <ClCompile Include="external\includes\imgui\imgui_demo.cpp">
      <Filter>Source Files</Filter>
    </ClCompile>
    <ClCompile Include="sources\graphics\buffer.cpp">
      <Filter>Source Files</Filter>
    </ClCompile>
    <ClCompile Include="sources\scenes\grass_scene.cpp">
      <Filter>Source Files</Filter>
    </ClCompile>
    <ClCompile Include="sources\graphics\texture.cpp">
      <Filter>Source Files</Filter>
    </ClCompile>
    <ClCompile Include="sources\graphics\depthmap.cpp">
      <Filter>Source Files</Filter>
    </ClCompile>
    <ClCompile Include="sources\utils\dev\quad_renderer.cpp">
      <Filter>Source Files</Filter>
    </ClCompile>
    <ClCompile Include="sources\utils\noise_generator.cpp">
      <Filter>Source Files</Filter>
    </ClCompile>
  </ItemGroup>
  <ItemGroup>
    <ClInclude Include="sources\utils\debug.h">
      <Filter>Header Files</Filter>
    </ClInclude>
    <ClInclude Include="sources\graphics\model.h">
      <Filter>Header Files</Filter>
    </ClInclude>
    <ClInclude Include="sources\camera.h">
      <Filter>Header Files</Filter>
    </ClInclude>
    <ClInclude Include="sources\graphics\shader.h">
      <Filter>Header Files</Filter>
    </ClInclude>
    <ClInclude Include="sources\entity.h">
      <Filter>Header Files</Filter>
    </ClInclude>
    <ClInclude Include="sources\scene.h">
      <Filter>Header Files</Filter>
    </ClInclude>
    <ClInclude Include="sources\scenes\frustum_culling_scene.h">
      <Filter>Header Files</Filter>
    </ClInclude>
    <ClInclude Include="sources\application.h">
      <Filter>Header Files</Filter>
    </ClInclude>
    <ClInclude Include="sources\scenes\instancing_scene.h">
      <Filter>Header Files</Filter>
    </ClInclude>
    <ClInclude Include="sources\graphics\buffer.h">
      <Filter>Header Files</Filter>
    </ClInclude>
    <ClInclude Include="sources\scenes\grass_scene.h">
      <Filter>Header Files</Filter>
    </ClInclude>
    <ClInclude Include="sources\graphics\texture.h">
      <Filter>Header Files</Filter>
    </ClInclude>
    <ClInclude Include="sources\graphics\depthmap.h">
      <Filter>Header Files</Filter>
    </ClInclude>
    <ClInclude Include="sources\utils\dev\quad_renderer.h">
      <Filter>Header Files</Filter>
    </ClInclude>
    <ClInclude Include="sources\utils\noise_generator.h">
      <Filter>Header Files</Filter>
    </ClInclude>
  </ItemGroup>
  <ItemGroup>
    <None Include="sources\shaders\1_render_model_vs.glsl" />
    <None Include="sources\shaders\1_render_model_fs.glsl" />
    <None Include="sources\shaders\2_render_model_with_instancing_vs.glsl" />
    <None Include="sources\shaders\2_render_model_with_instancing_fs.glsl" />
    <None Include="sources\shaders\3_render_texturized_grass_vs.glsl" />
    <None Include="sources\shaders\3_render_texturized_grass_fs.glsl" />
    <None Include="sources\shaders\5_render_monochromatic_grass_vs.glsl" />
    <None Include="sources\shaders\5_render_monochromatic_grass_fs.glsl" />
    <None Include="sources\shaders\4_render_monochromatic_grass_shadow_map_vs.glsl" />
    <None Include="sources\shaders\4_render_monochromatic_grass_shadow_map_fs.glsl" />
    <None Include="sources\shaders\dev\render_debug_quad_vs.glsl" />
    <None Include="sources\shaders\dev\render_debug_quad_fs.glsl" />
    <None Include="sources\shaders\6_render_monochromatic_ground_vs.glsl" />
    <None Include="sources\shaders\6_render_monochromatic_ground_fs.glsl" />
  </ItemGroup>
</Project>